
Microsoft Visual Studio Solution File, Format Version 12.00
# Visual Studio Version 16
VisualStudioVersion = 16.0.31129.286
MinimumVisualStudioVersion = 10.0.40219.1
Project("{FAE04EC0-301F-11D3-BF4B-00C04F79EFBC}") = "AdoNetFormsApp", "AdoNetFormsApp\AdoNetFormsApp.csproj", "{D5EBEF93-F353-46E6-AA6D-A27B9AE5D320}"
EndProject
Project("{FAE04EC0-301F-11D3-BF4B-00C04F79EFBC}") = "EntityFrameworkDemo", "EntityFrameworkDemo\EntityFrameworkDemo.csproj", "{C1501669-BF50-462F-93E7-5470407CBB63}"
EndProject
Global
	GlobalSection(SolutionConfigurationPlatforms) = preSolution
		Debug|Any CPU = Debug|Any CPU
		Release|Any CPU = Release|Any CPU
	EndGlobalSection
	GlobalSection(ProjectConfigurationPlatforms) = postSolution
		{D5EBEF93-F353-46E6-AA6D-A27B9AE5D320}.Debug|Any CPU.ActiveCfg = Debug|Any CPU
		{D5EBEF93-F353-46E6-AA6D-A27B9AE5D320}.Debug|Any CPU.Build.0 = Debug|Any CPU
		{D5EBEF93-F353-46E6-AA6D-A27B9AE5D320}.Release|Any CPU.ActiveCfg = Release|Any CPU
		{D5EBEF93-F353-46E6-AA6D-A27B9AE5D320}.Release|Any CPU.Build.0 = Release|Any CPU
		{C1501669-BF50-462F-93E7-5470407CBB63}.Debug|Any CPU.ActiveCfg = Debug|Any CPU
		{C1501669-BF50-462F-93E7-5470407CBB63}.Debug|Any CPU.Build.0 = Debug|Any CPU
		{C1501669-BF50-462F-93E7-5470407CBB63}.Release|Any CPU.ActiveCfg = Release|Any CPU
		{C1501669-BF50-462F-93E7-5470407CBB63}.Release|Any CPU.Build.0 = Release|Any CPU
	EndGlobalSection
	GlobalSection(SolutionProperties) = preSolution
		HideSolutionNode = FALSE
	EndGlobalSection
	GlobalSection(ExtensibilityGlobals) = postSolution
		SolutionGuid = {20D70EB3-825B-4A15-B963-720CE6DBC5C9}
	EndGlobalSection
EndGlobal
